// !$*UTF8*$!
{
	archiveVersion = 1;
	classes = {
	};
	objectVersion = 46;
	objects = {

/* Begin PBXBuildFile section */
		00ED2A6F19E7D61700F8D520 /* AppDelegate.swift in Sources */ = {isa = PBXBuildFile; fileRef = 00ED2A6E19E7D61700F8D520 /* AppDelegate.swift */; };
		00ED2A7119E7D61700F8D520 /* ViewController.swift in Sources */ = {isa = PBXBuildFile; fileRef = 00ED2A7019E7D61700F8D520 /* ViewController.swift */; };
		00ED2A7419E7D61700F8D520 /* Main.storyboard in Resources */ = {isa = PBXBuildFile; fileRef = 00ED2A7219E7D61700F8D520 /* Main.storyboard */; };
		00ED2A7619E7D61700F8D520 /* Images.xcassets in Resources */ = {isa = PBXBuildFile; fileRef = 00ED2A7519E7D61700F8D520 /* Images.xcassets */; };
		00ED2A7919E7D61700F8D520 /* LaunchScreen.xib in Resources */ = {isa = PBXBuildFile; fileRef = 00ED2A7719E7D61700F8D520 /* LaunchScreen.xib */; };
		00ED2A8519E7D61800F8D520 /* _9BalloonsTests.swift in Sources */ = {isa = PBXBuildFile; fileRef = 00ED2A8419E7D61800F8D520 /* _9BalloonsTests.swift */; };
/* End PBXBuildFile section */

/* Begin PBXContainerItemProxy section */
		00ED2A7F19E7D61700F8D520 /* PBXContainerItemProxy */ = {
			isa = PBXContainerItemProxy;
			containerPortal = 00ED2A6119E7D61700F8D520 /* Project object */;
			proxyType = 1;
			remoteGlobalIDString = 00ED2A6819E7D61700F8D520;
			remoteInfo = 99Balloons;
		};
/* End PBXContainerItemProxy section */

/* Begin PBXFileReference section */
		00ED2A6919E7D61700F8D520 /* 99Balloons.app */ = {isa = PBXFileReference; explicitFileType = wrapper.application; includeInIndex = 0; path = 99Balloons.app; sourceTree = BUILT_PRODUCTS_DIR; };
		00ED2A6D19E7D61700F8D520 /* Info.plist */ = {isa = PBXFileReference; lastKnownFileType = text.plist.xml; path = Info.plist; sourceTree = "<group>"; };
		00ED2A6E19E7D61700F8D520 /* AppDelegate.swift */ = {isa = PBXFileReference; lastKnownFileType = sourcecode.swift; path = AppDelegate.swift; sourceTree = "<group>"; };
		00ED2A7019E7D61700F8D520 /* ViewController.swift */ = {isa = PBXFileReference; lastKnownFileType = sourcecode.swift; path = ViewController.swift; sourceTree = "<group>"; };
		00ED2A7319E7D61700F8D520 /* Base */ = {isa = PBXFileReference; lastKnownFileType = file.storyboard; name = Base; path = Base.lproj/Main.storyboard; sourceTree = "<group>"; };
		00ED2A7519E7D61700F8D520 /* Images.xcassets */ = {isa = PBXFileReference; lastKnownFileType = folder.assetcatalog; path = Images.xcassets; sourceTree = "<group>"; };
		00ED2A7819E7D61700F8D520 /* Base */ = {isa = PBXFileReference; lastKnownFileType = file.xib; name = Base; path = Base.lproj/LaunchScreen.xib; sourceTree = "<group>"; };
		00ED2A7E19E7D61700F8D520 /* 99BalloonsTests.xctest */ = {isa = PBXFileReference; explicitFileType = wrapper.cfbundle; includeInIndex = 0; path = 99BalloonsTests.xctest; sourceTree = BUILT_PRODUCTS_DIR; };
		00ED2A8319E7D61700F8D520 /* Info.plist */ = {isa = PBXFileReference; lastKnownFileType = text.plist.xml; path = Info.plist; sourceTree = "<group>"; };
		00ED2A8419E7D61800F8D520 /* _9BalloonsTests.swift */ = {isa = PBXFileReference; lastKnownFileType = sourcecode.swift; path = _9BalloonsTests.swift; sourceTree = "<group>"; };
/* End PBXFileReference section */

/* Begin PBXFrameworksBuildPhase section */
		00ED2A6619E7D61700F8D520 /* Frameworks */ = {
			isa = PBXFrameworksBuildPhase;
			buildActionMask = 2147483647;
			files = (
			);
			runOnlyForDeploymentPostprocessing = 0;
		};
		00ED2A7B19E7D61700F8D520 /* Frameworks */ = {
			isa = PBXFrameworksBuildPhase;
			buildActionMask = 2147483647;
			files = (
			);
			runOnlyForDeploymentPostprocessing = 0;
		};
/* End PBXFrameworksBuildPhase section */

/* Begin PBXGroup section */
		00ED2A6019E7D61700F8D520 = {
			isa = PBXGroup;
			children = (
				00ED2A6B19E7D61700F8D520 /* 99Balloons */,
				00ED2A8119E7D61700F8D520 /* 99BalloonsTests */,
				00ED2A6A19E7D61700F8D520 /* Products */,
			);
			sourceTree = "<group>";
		};
		00ED2A6A19E7D61700F8D520 /* Products */ = {
			isa = PBXGroup;
			children = (
				00ED2A6919E7D61700F8D520 /* 99Balloons.app */,
				00ED2A7E19E7D61700F8D520 /* 99BalloonsTests.xctest */,
			);
			name = Products;
			sourceTree = "<group>";
		};
		00ED2A6B19E7D61700F8D520 /* 99Balloons */ = {
			isa = PBXGroup;
			children = (
				00ED2A6E19E7D61700F8D520 /* AppDelegate.swift */,
				00ED2A7019E7D61700F8D520 /* ViewController.swift */,
				00ED2A7219E7D61700F8D520 /* Main.storyboard */,
				00ED2A7519E7D61700F8D520 /* Images.xcassets */,
				00ED2A7719E7D61700F8D520 /* LaunchScreen.xib */,
				00ED2A6C19E7D61700F8D520 /* Supporting Files */,
			);
			path = 99Balloons;
			sourceTree = "<group>";
		};
		00ED2A6C19E7D61700F8D520 /* Supporting Files */ = {
			isa = PBXGroup;
			children = (
				00ED2A6D19E7D61700F8D520 /* Info.plist */,
			);
			name = "Supporting Files";
			sourceTree = "<group>";
		};
		00ED2A8119E7D61700F8D520 /* 99BalloonsTests */ = {
			isa = PBXGroup;
			children = (
				00ED2A8419E7D61800F8D520 /* _9BalloonsTests.swift */,
				00ED2A8219E7D61700F8D520 /* Supporting Files */,
			);
			path = 99BalloonsTests;
			sourceTree = "<group>";
		};
		00ED2A8219E7D61700F8D520 /* Supporting Files */ = {
			isa = PBXGroup;
			children = (
				00ED2A8319E7D61700F8D520 /* Info.plist */,
			);
			name = "Supporting Files";
			sourceTree = "<group>";
		};
/* End PBXGroup section */

/* Begin PBXNativeTarget section */
		00ED2A6819E7D61700F8D520 /* 99Balloons */ = {
			isa = PBXNativeTarget;
			buildConfigurationList = 00ED2A8819E7D61800F8D520 /* Build configuration list for PBXNativeTarget "99Balloons" */;
			buildPhases = (
				00ED2A6519E7D61700F8D520 /* Sources */,
				00ED2A6619E7D61700F8D520 /* Frameworks */,
				00ED2A6719E7D61700F8D520 /* Resources */,
			);
			buildRules = (
			);
			dependencies = (
			);
			name = 99Balloons;
			productName = 99Balloons;
			productReference = 00ED2A6919E7D61700F8D520 /* 99Balloons.app */;
			productType = "com.apple.product-type.application";
		};
		00ED2A7D19E7D61700F8D520 /* 99BalloonsTests */ = {
			isa = PBXNativeTarget;
			buildConfigurationList = 00ED2A8B19E7D61800F8D520 /* Build configuration list for PBXNativeTarget "99BalloonsTests" */;
			buildPhases = (
				00ED2A7A19E7D61700F8D520 /* Sources */,
				00ED2A7B19E7D61700F8D520 /* Frameworks */,
				00ED2A7C19E7D61700F8D520 /* Resources */,
			);
			buildRules = (
			);
			dependencies = (
				00ED2A8019E7D61700F8D520 /* PBXTargetDependency */,
			);
			name = 99BalloonsTests;
			productName = 99BalloonsTests;
			productReference = 00ED2A7E19E7D61700F8D520 /* 99BalloonsTests.xctest */;
			productType = "com.apple.product-type.bundle.unit-test";
		};
/* End PBXNativeTarget section */

/* Begin PBXProject section */
		00ED2A6119E7D61700F8D520 /* Project object */ = {
			isa = PBXProject;
			attributes = {
				LastUpgradeCheck = 0600;
				ORGANIZATIONNAME = "Grand Thunder";
				TargetAttributes = {
					00ED2A6819E7D61700F8D520 = {
						CreatedOnToolsVersion = 6.0.1;
					};
					00ED2A7D19E7D61700F8D520 = {
						CreatedOnToolsVersion = 6.0.1;
						TestTargetID = 00ED2A6819E7D61700F8D520;
					};
				};
			};
			buildConfigurationList = 00ED2A6419E7D61700F8D520 /* Build configuration list for PBXProject "99Balloons" */;
			compatibilityVersion = "Xcode 3.2";
			developmentRegion = English;
			hasScannedForEncodings = 0;
			knownRegions = (
				en,
				Base,
			);
			mainGroup = 00ED2A6019E7D61700F8D520;
			productRefGroup = 00ED2A6A19E7D61700F8D520 /* Products */;
			projectDirPath = "";
			projectRoot = "";
			targets = (
				00ED2A6819E7D61700F8D520 /* 99Balloons */,
				00ED2A7D19E7D61700F8D520 /* 99BalloonsTests */,
			);
		};
/* End PBXProject section */

/* Begin PBXResourcesBuildPhase section */
		00ED2A6719E7D61700F8D520 /* Resources */ = {
			isa = PBXResourcesBuildPhase;
			buildActionMask = 2147483647;
			files = (
				00ED2A7419E7D61700F8D520 /* Main.storyboard in Resources */,
				00ED2A7919E7D61700F8D520 /* LaunchScreen.xib in Resources */,
				00ED2A7619E7D61700F8D520 /* Images.xcassets in Resources */,
			);
			runOnlyForDeploymentPostprocessing = 0;
		};
		00ED2A7C19E7D61700F8D520 /* Resources */ = {
			isa = PBXResourcesBuildPhase;
			buildActionMask = 2147483647;
			files = (
			);
			runOnlyForDeploymentPostprocessing = 0;
		};
/* End PBXResourcesBuildPhase section */

/* Begin PBXSourcesBuildPhase section */
		00ED2A6519E7D61700F8D520 /* Sources */ = {
			isa = PBXSourcesBuildPhase;
			buildActionMask = 2147483647;
			files = (
				00ED2A7119E7D61700F8D520 /* ViewController.swift in Sources */,
				00ED2A6F19E7D61700F8D520 /* AppDelegate.swift in Sources */,
			);
			runOnlyForDeploymentPostprocessing = 0;
		};
		00ED2A7A19E7D61700F8D520 /* Sources */ = {
			isa = PBXSourcesBuildPhase;
			buildActionMask = 2147483647;
			files = (
				00ED2A8519E7D61800F8D520 /* _9BalloonsTests.swift in Sources */,
			);
			runOnlyForDeploymentPostprocessing = 0;
		};
/* End PBXSourcesBuildPhase section */

/* Begin PBXTargetDependency section */
		00ED2A8019E7D61700F8D520 /* PBXTargetDependency */ = {
			isa = PBXTargetDependency;
			target = 00ED2A6819E7D61700F8D520 /* 99Balloons */;
			targetProxy = 00ED2A7F19E7D61700F8D520 /* PBXContainerItemProxy */;
		};
/* End PBXTargetDependency section */

/* Begin PBXVariantGroup section */
		00ED2A7219E7D61700F8D520 /* Main.storyboard */ = {
			isa = PBXVariantGroup;
			children = (
				00ED2A7319E7D61700F8D520 /* Base */,
			);
			name = Main.storyboard;
			sourceTree = "<group>";
		};
		00ED2A7719E7D61700F8D520 /* LaunchScreen.xib */ = {
			isa = PBXVariantGroup;
			children = (
				00ED2A7819E7D61700F8D520 /* Base */,
			);
			name = LaunchScreen.xib;
			sourceTree = "<group>";
		};
/* End PBXVariantGroup section */

/* Begin XCBuildConfiguration section */
		00ED2A8619E7D61800F8D520 /* Debug */ = {
			isa = XCBuildConfiguration;
			buildSettings = {
				ALWAYS_SEARCH_USER_PATHS = NO;
				CLANG_CXX_LANGUAGE_STANDARD = "gnu++0x";
				CLANG_CXX_LIBRARY = "libc++";
				CLANG_ENABLE_MODULES = YES;
				CLANG_ENABLE_OBJC_ARC = YES;
				CLANG_WARN_BOOL_CONVERSION = YES;
				CLANG_WARN_CONSTANT_CONVERSION = YES;
				CLANG_WARN_DIRECT_OBJC_ISA_USAGE = YES_ERROR;
				CLANG_WARN_EMPTY_BODY = YES;
				CLANG_WARN_ENUM_CONVERSION = YES;
				CLANG_WARN_INT_CONVERSION = YES;
				CLANG_WARN_OBJC_ROOT_CLASS = YES_ERROR;
				CLANG_WARN_UNREACHABLE_CODE = YES;
				CLANG_WARN__DUPLICATE_METHOD_MATCH = YES;
				"CODE_SIGN_IDENTITY[sdk=iphoneos*]" = "iPhone Developer";
				COPY_PHASE_STRIP = NO;
				ENABLE_STRICT_OBJC_MSGSEND = YES;
				GCC_C_LANGUAGE_STANDARD = gnu99;
				GCC_DYNAMIC_NO_PIC = NO;
				GCC_OPTIMIZATION_LEVEL = 0;
				GCC_PREPROCESSOR_DEFINITIONS = (
					"DEBUG=1",
					"$(inherited)",
				);
				GCC_SYMBOLS_PRIVATE_EXTERN = NO;
				GCC_WARN_64_TO_32_BIT_CONVERSION = YES;
				GCC_WARN_ABOUT_RETURN_TYPE = YES_ERROR;
				GCC_WARN_UNDECLARED_SELECTOR = YES;
				GCC_WARN_UNINITIALIZED_AUTOS = YES_AGGRESSIVE;
				GCC_WARN_UNUSED_FUNCTION = YES;
				GCC_WARN_UNUSED_VARIABLE = YES;
				IPHONEOS_DEPLOYMENT_TARGET = 8.0;
				MTL_ENABLE_DEBUG_INFO = YES;
				ONLY_ACTIVE_ARCH = YES;
				SDKROOT = iphoneos;
				SWIFT_OPTIMIZATION_LEVEL = "-Onone";
				TARGETED_DEVICE_FAMILY = "1,2";
			};
			name = Debug;
		};
		00ED2A8719E7D61800F8D520 /* Release */ = {
			isa = XCBuildConfiguration;
			buildSettings = {
				ALWAYS_SEARCH_USER_PATHS = NO;
				CLANG_CXX_LANGUAGE_STANDARD = "gnu++0x";
				CLANG_CXX_LIBRARY = "libc++";
				CLANG_ENABLE_MODULES = YES;
				CLANG_ENABLE_OBJC_ARC = YES;
				CLANG_WARN_BOOL_CONVERSION = YES;
				CLANG_WARN_CONSTANT_CONVERSION = YES;
				CLANG_WARN_DIRECT_OBJC_ISA_USAGE = YES_ERROR;
				CLANG_WARN_EMPTY_BODY = YES;
				CLANG_WARN_ENUM_CONVERSION = YES;
				CLANG_WARN_INT_CONVERSION = YES;
				CLANG_WARN_OBJC_ROOT_CLASS = YES_ERROR;
				CLANG_WARN_UNREACHABLE_CODE = YES;
				CLANG_WARN__DUPLICATE_METHOD_MATCH = YES;
				"CODE_SIGN_IDENTITY[sdk=iphoneos*]" = "iPhone Developer";
				COPY_PHASE_STRIP = YES;
				ENABLE_NS_ASSERTIONS = NO;
				ENABLE_STRICT_OBJC_MSGSEND = YES;
				GCC_C_LANGUAGE_STANDARD = gnu99;
				GCC_WARN_64_TO_32_BIT_CONVERSION = YES;
				GCC_WARN_ABOUT_RETURN_TYPE = YES_ERROR;
				GCC_WARN_UNDECLARED_SELECTOR = YES;
				GCC_WARN_UNINITIALIZED_AUTOS = YES_AGGRESSIVE;
				GCC_WARN_UNUSED_FUNCTION = YES;
				GCC_WARN_UNUSED_VARIABLE = YES;
				IPHONEOS_DEPLOYMENT_TARGET = 8.0;
				MTL_ENABLE_DEBUG_INFO = NO;
				SDKROOT = iphoneos;
				TARGETED_DEVICE_FAMILY = "1,2";
				VALIDATE_PRODUCT = YES;
			};
			name = Release;
		};
		00ED2A8919E7D61800F8D520 /* Debug */ = {
			isa = XCBuildConfiguration;
			buildSettings = {
				ASSETCATALOG_COMPILER_APPICON_NAME = AppIcon;
				INFOPLIST_FILE = 99Balloons/Info.plist;
				LD_RUNPATH_SEARCH_PATHS = "$(inherited) @executable_path/Frameworks";
				PRODUCT_NAME = "$(TARGET_NAME)";
			};
			name = Debug;
		};
		00ED2A8A19E7D61800F8D520 /* Release */ = {
			isa = XCBuildConfiguration;
			buildSettings = {
				ASSETCATALOG_COMPILER_APPICON_NAME = AppIcon;
				INFOPLIST_FILE = 99Balloons/Info.plist;
				LD_RUNPATH_SEARCH_PATHS = "$(inherited) @executable_path/Frameworks";
				PRODUCT_NAME = "$(TARGET_NAME)";
			};
			name = Release;
		};
		00ED2A8C19E7D61800F8D520 /* Debug */ = {
			isa = XCBuildConfiguration;
			buildSettings = {
				BUNDLE_LOADER = "$(TEST_HOST)";
				FRAMEWORK_SEARCH_PATHS = (
					"$(SDKROOT)/Developer/Library/Frameworks",
					"$(inherited)",
				);
				GCC_PREPROCESSOR_DEFINITIONS = (
					"DEBUG=1",
					"$(inherited)",
				);
				INFOPLIST_FILE = 99BalloonsTests/Info.plist;
				LD_RUNPATH_SEARCH_PATHS = "$(inherited) @executable_path/Frameworks @loader_path/Frameworks";
				PRODUCT_NAME = "$(TARGET_NAME)";
				TEST_HOST = "$(BUILT_PRODUCTS_DIR)/99Balloons.app/99Balloons";
			};
			name = Debug;
		};
		00ED2A8D19E7D61800F8D520 /* Release */ = {
			isa = XCBuildConfiguration;
			buildSettings = {
				BUNDLE_LOADER = "$(TEST_HOST)";
				FRAMEWORK_SEARCH_PATHS = (
					"$(SDKROOT)/Developer/Library/Frameworks",
					"$(inherited)",
				);
				INFOPLIST_FILE = 99BalloonsTests/Info.plist;
				LD_RUNPATH_SEARCH_PATHS = "$(inherited) @executable_path/Frameworks @loader_path/Frameworks";
				PRODUCT_NAME = "$(TARGET_NAME)";
				TEST_HOST = "$(BUILT_PRODUCTS_DIR)/99Balloons.app/99Balloons";
			};
			name = Release;
		};
/* End XCBuildConfiguration section */

/* Begin XCConfigurationList section */
		00ED2A6419E7D61700F8D520 /* Build configuration list for PBXProject "99Balloons" */ = {
			isa = XCConfigurationList;
			buildConfigurations = (
				00ED2A8619E7D61800F8D520 /* Debug */,
				00ED2A8719E7D61800F8D520 /* Release */,
			);
			defaultConfigurationIsVisible = 0;
			defaultConfigurationName = Release;
		};
		00ED2A8819E7D61800F8D520 /* Build configuration list for PBXNativeTarget "99Balloons" */ = {
			isa = XCConfigurationList;
			buildConfigurations = (
				00ED2A8919E7D61800F8D520 /* Debug */,
				00ED2A8A19E7D61800F8D520 /* Release */,
			);
			defaultConfigurationIsVisible = 0;
		};
		00ED2A8B19E7D61800F8D520 /* Build configuration list for PBXNativeTarget "99BalloonsTests" */ = {
			isa = XCConfigurationList;
			buildConfigurations = (
				00ED2A8C19E7D61800F8D520 /* Debug */,
				00ED2A8D19E7D61800F8D520 /* Release */,
			);
			defaultConfigurationIsVisible = 0;
		};
/* End XCConfigurationList section */
	};
	rootObject = 00ED2A6119E7D61700F8D520 /* Project object */;
}
